
Microsoft Visual Studio Solution File, Format Version 12.00
# Visual Studio 2017
Project("{FAE04EC0-301F-11D3-BF4B-00C04F79EFBC}") = "2.5D game", "2.5D game.csproj", "{36AF9D0A-A2C5-90D4-5B49-A351FA3FEB4C}"
EndProject
Global
	GlobalSection(SolutionConfigurationPlatforms) = preSolution
		Debug|Any CPU = Debug|Any CPU
		Release|Any CPU = Release|Any CPU
	EndGlobalSection
	GlobalSection(ProjectConfigurationPlatforms) = postSolution
		{36AF9D0A-A2C5-90D4-5B49-A351FA3FEB4C}.Debug|Any CPU.ActiveCfg = Debug|Any CPU
		{36AF9D0A-A2C5-90D4-5B49-A351FA3FEB4C}.Debug|Any CPU.Build.0 = Debug|Any CPU
		{36AF9D0A-A2C5-90D4-5B49-A351FA3FEB4C}.Release|Any CPU.ActiveCfg = Release|Any CPU
		{36AF9D0A-A2C5-90D4-5B49-A351FA3FEB4C}.Release|Any CPU.Build.0 = Release|Any CPU
	EndGlobalSection
	GlobalSection(SolutionProperties) = preSolution
		HideSolutionNode = FALSE
	EndGlobalSection
EndGlobal
